{
  "name": "playwright_testautomation",
  "version": "1.0.0",
  "lockfileVersion": 3,
  "requires": true,
  "packages": {
    "": {
      "name": "playwright_testautomation",
      "version": "1.0.0",
      "license": "ISC",
      "dependencies": {
        "@lambdatest/node-rest-client": "^2.0.1",
        "dotenv": "^16.4.5",
        "playwright": "^1.42.1",
        "xlsx": "^0.18.5"
      },
      "devDependencies": {
        "@faker-js/faker": "^8.4.1",
        "@playwright/test": "^1.38.1",
        "@types/node": "^20.8.0",
        "allure-commandline": "^2.24.0",
        "allure-playwright": "^2.8.1",
        "cross-env": "^7.0.3",
        "ortoni-report": "^2.0.1",
        "typescript": "^5.2.2",
        "ts-node": "^10.9.1"
      }
    }
  },
  "dependencies": {
    "@playwright/test": {
      "version": "^1.38.1",
      "resolved": "",
      "integrity": ""
    },
    "playwright": {
      "version": "^1.42.1",
      "resolved": "",
      "integrity": ""
    }
  }
}
